
Microsoft Visual Studio Solution File, Format Version 12.00
# Visual Studio Version 16
VisualStudioVersion = 16.0.30517.126
MinimumVisualStudioVersion = 10.0.40219.1
Project("{9A19103F-16F7-4668-BE54-9A1E7A4F7556}") = "DDMusic", "DDMusic\DDMusic.csproj", "{2FBA6AC8-232B-4AC7-83D2-F4E0DEC233E6}"
EndProject
Global
	GlobalSection(SolutionConfigurationPlatforms) = preSolution
		Debug|Any CPU = Debug|Any CPU
		Release|Any CPU = Release|Any CPU
	EndGlobalSection
	GlobalSection(ProjectConfigurationPlatforms) = postSolution
		{2FBA6AC8-232B-4AC7-83D2-F4E0DEC233E6}.Debug|Any CPU.ActiveCfg = Debug|Any CPU
		{2FBA6AC8-232B-4AC7-83D2-F4E0DEC233E6}.Debug|Any CPU.Build.0 = Debug|Any CPU
		{2FBA6AC8-232B-4AC7-83D2-F4E0DEC233E6}.Release|Any CPU.ActiveCfg = Release|Any CPU
		{2FBA6AC8-232B-4AC7-83D2-F4E0DEC233E6}.Release|Any CPU.Build.0 = Release|Any CPU
	EndGlobalSection
	GlobalSection(SolutionProperties) = preSolution
		HideSolutionNode = FALSE
	EndGlobalSection
	GlobalSection(ExtensibilityGlobals) = postSolution
		SolutionGuid = {819B682E-07AE-436C-8454-11AF9BBBA507}
	EndGlobalSection
EndGlobal
